
Microsoft Visual Studio Solution File, Format Version 12.00
# Visual Studio Version 17
VisualStudioVersion = 17.8.34330.188
MinimumVisualStudioVersion = 10.0.40219.1
Project("{9A19103F-16F7-4668-BE54-9A1E7A4F7556}") = "BisleriumCafe", "BisleriumCafe.csproj", "{C47CE10E-2D47-48E7-991B-99988BAEA96F}"
EndProject
Global
	GlobalSection(SolutionConfigurationPlatforms) = preSolution
		Debug|Any CPU = Debug|Any CPU
		Release|Any CPU = Release|Any CPU
	EndGlobalSection
	GlobalSection(ProjectConfigurationPlatforms) = postSolution
		{C47CE10E-2D47-48E7-991B-99988BAEA96F}.Debug|Any CPU.ActiveCfg = Debug|Any CPU
		{C47CE10E-2D47-48E7-991B-99988BAEA96F}.Debug|Any CPU.Build.0 = Debug|Any CPU
		{C47CE10E-2D47-48E7-991B-99988BAEA96F}.Debug|Any CPU.Deploy.0 = Debug|Any CPU
		{C47CE10E-2D47-48E7-991B-99988BAEA96F}.Release|Any CPU.ActiveCfg = Release|Any CPU
		{C47CE10E-2D47-48E7-991B-99988BAEA96F}.Release|Any CPU.Build.0 = Release|Any CPU
		{C47CE10E-2D47-48E7-991B-99988BAEA96F}.Release|Any CPU.Deploy.0 = Release|Any CPU
	EndGlobalSection
	GlobalSection(SolutionProperties) = preSolution
		HideSolutionNode = FALSE
	EndGlobalSection
	GlobalSection(ExtensibilityGlobals) = postSolution
		SolutionGuid = {80CE6C62-3B7D-4B1B-9FDD-9133125EAEC9}
	EndGlobalSection
EndGlobal
